{
  "version": 4,
  "terraform_version": "1.3.9",
  "serial": 185,
  "lineage": "5b96c04d-071c-e70e-2df8-8dacd80c777a",
  "outputs": {},
  "resources": [
    {
      "mode": "data",
      "type": "vault_policy_document",
      "name": "k8s_agent",
      "provider": "provider[\"registry.terraform.io/hashicorp/vault\"]",
      "instances": [
        {
          "schema_version": 0,
          "attributes": {
            "hcl": "# read k8s tokens\npath \"kv/data/fl.a14n.net/*\" {\n  capabilities = [\"read\"]\n}\n\n# read k8s tokens\npath \"kv/data/k3s/*\" {\n  capabilities = [\"read\"]\n}\n",
            "id": "3827267347",
            "namespace": null,
            "rule": [
              {
                "allowed_parameter": [],
                "capabilities": [
                  "read"
                ],
                "denied_parameter": [],
                "description": "read k8s tokens",
                "max_wrapping_ttl": "",
                "min_wrapping_ttl": "",
                "path": "kv/data/fl.a14n.net/*",
                "required_parameters": [],
                "subscribe_event_types": []
              },
              {
                "allowed_parameter": [],
                "capabilities": [
                  "read"
                ],
                "denied_parameter": [],
                "description": "read k8s tokens",
                "max_wrapping_ttl": "",
                "min_wrapping_ttl": "",
                "path": "kv/data/k3s/*",
                "required_parameters": [],
                "subscribe_event_types": []
              }
            ]
          },
          "sensitive_attributes": []
        }
      ]
    },
    {
      "mode": "data",
      "type": "vault_policy_document",
      "name": "k8s_server",
      "provider": "provider[\"registry.terraform.io/hashicorp/vault\"]",
      "instances": [
        {
          "schema_version": 0,
          "attributes": {
            "hcl": "# create etcd certificate and keys\npath \"etcd/issue/server\" {\n  capabilities = [\"create\", \"update\"]\n}\n\n# create etcd certificate and keys\npath \"etcd/issue/client\" {\n  capabilities = [\"create\", \"update\"]\n}\n\n# create etcd certificate and keys\npath \"etcd/issue/peer\" {\n  capabilities = [\"create\", \"update\"]\n}\n\n# read etcd certificate secrets\npath \"kv/data/etcd/*\" {\n  capabilities = [\"read\"]\n}\n\n# read k8s tokens\npath \"kv/data/fl.a14n.net/*\" {\n  capabilities = [\"read\"]\n}\n\n# read k8s tokens\npath \"kv/data/k3s/*\" {\n  capabilities = [\"read\"]\n}\n",
            "id": "3880220184",
            "namespace": null,
            "rule": [
              {
                "allowed_parameter": [],
                "capabilities": [
                  "create",
                  "update"
                ],
                "denied_parameter": [],
                "description": "create etcd certificate and keys",
                "max_wrapping_ttl": "",
                "min_wrapping_ttl": "",
                "path": "etcd/issue/server",
                "required_parameters": [],
                "subscribe_event_types": []
              },
              {
                "allowed_parameter": [],
                "capabilities": [
                  "create",
                  "update"
                ],
                "denied_parameter": [],
                "description": "create etcd certificate and keys",
                "max_wrapping_ttl": "",
                "min_wrapping_ttl": "",
                "path": "etcd/issue/client",
                "required_parameters": [],
                "subscribe_event_types": []
              },
              {
                "allowed_parameter": [],
                "capabilities": [
                  "create",
                  "update"
                ],
                "denied_parameter": [],
                "description": "create etcd certificate and keys",
                "max_wrapping_ttl": "",
                "min_wrapping_ttl": "",
                "path": "etcd/issue/peer",
                "required_parameters": [],
                "subscribe_event_types": []
              },
              {
                "allowed_parameter": [],
                "capabilities": [
                  "read"
                ],
                "denied_parameter": [],
                "description": "read etcd certificate secrets",
                "max_wrapping_ttl": "",
                "min_wrapping_ttl": "",
                "path": "kv/data/etcd/*",
                "required_parameters": [],
                "subscribe_event_types": []
              },
              {
                "allowed_parameter": [],
                "capabilities": [
                  "read"
                ],
                "denied_parameter": [],
                "description": "read k8s tokens",
                "max_wrapping_ttl": "",
                "min_wrapping_ttl": "",
                "path": "kv/data/fl.a14n.net/*",
                "required_parameters": [],
                "subscribe_event_types": []
              },
              {
                "allowed_parameter": [],
                "capabilities": [
                  "read"
                ],
                "denied_parameter": [],
                "description": "read k8s tokens",
                "max_wrapping_ttl": "",
                "min_wrapping_ttl": "",
                "path": "kv/data/k3s/*",
                "required_parameters": [],
                "subscribe_event_types": []
              }
            ]
          },
          "sensitive_attributes": []
        }
      ]
    },
    {
      "mode": "managed",
      "type": "vault_approle_auth_backend_role",
      "name": "k3s_agent",
      "provider": "provider[\"registry.terraform.io/hashicorp/vault\"]",
      "instances": [
        {
          "schema_version": 0,
          "attributes": {
            "alias_metadata": {},
            "backend": "auth/approle",
            "bind_secret_id": true,
            "id": "auth/auth/approle/role/k3s-agent",
            "local_secret_ids": false,
            "namespace": null,
            "role_id": "596ed255-97af-0cb4-5d29-cc615ee91eaf",
            "role_name": "k3s-agent",
            "secret_id_bound_cidrs": [],
            "secret_id_num_uses": 0,
            "secret_id_ttl": 31536000,
            "token_bound_cidrs": [],
            "token_explicit_max_ttl": 0,
            "token_max_ttl": 86400,
            "token_no_default_policy": false,
            "token_num_uses": 0,
            "token_period": 0,
            "token_policies": [
              "k8s-agent"
            ],
            "token_ttl": 3600,
            "token_type": "default"
          },
          "sensitive_attributes": [],
          "private": "bnVsbA==",
          "dependencies": [
            "data.vault_policy_document.k8s_agent",
            "vault_auth_backend.approle",
            "vault_policy.k8s_agent"
          ]
        }
      ]
    },
    {
      "mode": "managed",
      "type": "vault_approle_auth_backend_role",
      "name": "k3s_server",
      "provider": "provider[\"registry.terraform.io/hashicorp/vault\"]",
      "instances": [
        {
          "schema_version": 0,
          "attributes": {
            "alias_metadata": {},
            "backend": "auth/approle",
            "bind_secret_id": true,
            "id": "auth/auth/approle/role/k3s-server",
            "local_secret_ids": false,
            "namespace": null,
            "role_id": "d3a37fb1-acde-038c-d1ef-df49f4047eeb",
            "role_name": "k3s-server",
            "secret_id_bound_cidrs": [],
            "secret_id_num_uses": 0,
            "secret_id_ttl": 31536000,
            "token_bound_cidrs": [],
            "token_explicit_max_ttl": 0,
            "token_max_ttl": 86400,
            "token_no_default_policy": false,
            "token_num_uses": 0,
            "token_period": 0,
            "token_policies": [
              "k8s-server"
            ],
            "token_ttl": 3600,
            "token_type": "default"
          },
          "sensitive_attributes": [],
          "private": "bnVsbA==",
          "dependencies": [
            "data.vault_policy_document.k8s_server",
            "vault_auth_backend.approle",
            "vault_policy.k8s_server"
          ]
        }
      ]
    },
    {
      "mode": "managed",
      "type": "vault_auth_backend",
      "name": "approle",
      "provider": "provider[\"registry.terraform.io/hashicorp/vault\"]",
      "instances": [
        {
          "schema_version": 1,
          "attributes": {
            "accessor": "auth_approle_59a81bf5",
            "description": "",
            "disable_remount": false,
            "id": "auth/approle",
            "identity_token_key": null,
            "local": false,
            "namespace": null,
            "path": "auth/approle",
            "tune": [
              {
                "allowed_response_headers": [],
                "audit_non_hmac_request_keys": [],
                "audit_non_hmac_response_keys": [],
                "default_lease_ttl": "",
                "listing_visibility": "",
                "max_lease_ttl": "8760h",
                "passthrough_request_headers": [],
                "token_type": ""
              }
            ],
            "type": "approle"
          },
          "sensitive_attributes": [],
          "private": "eyJzY2hlbWFfdmVyc2lvbiI6IjEifQ=="
        }
      ]
    },
    {
      "mode": "managed",
      "type": "vault_auth_backend",
      "name": "cert",
      "provider": "provider[\"registry.terraform.io/hashicorp/vault\"]",
      "instances": [
        {
          "schema_version": 1,
          "attributes": {
            "accessor": "auth_cert_0113ed24",
            "description": "",
            "disable_remount": false,
            "id": "cert",
            "identity_token_key": null,
            "local": false,
            "namespace": null,
            "path": "cert",
            "tune": [
              {
                "allowed_response_headers": [],
                "audit_non_hmac_request_keys": [],
                "audit_non_hmac_response_keys": [],
                "default_lease_ttl": "768h",
                "listing_visibility": "",
                "max_lease_ttl": "768h",
                "passthrough_request_headers": [],
                "token_type": "default-service"
              }
            ],
            "type": "cert"
          },
          "sensitive_attributes": [],
          "private": "eyJzY2hlbWFfdmVyc2lvbiI6IjEifQ=="
        }
      ]
    },
    {
      "mode": "managed",
      "type": "vault_auth_backend",
      "name": "userpass",
      "provider": "provider[\"registry.terraform.io/hashicorp/vault\"]",
      "instances": [
        {
          "schema_version": 1,
          "attributes": {
            "accessor": "auth_userpass_070cdc21",
            "description": "",
            "disable_remount": false,
            "id": "userpass",
            "identity_token_key": null,
            "local": false,
            "namespace": null,
            "path": "userpass",
            "tune": [
              {
                "allowed_response_headers": [],
                "audit_non_hmac_request_keys": [],
                "audit_non_hmac_response_keys": [],
                "default_lease_ttl": "",
                "listing_visibility": "",
                "max_lease_ttl": "12h",
                "passthrough_request_headers": [],
                "token_type": ""
              }
            ],
            "type": "userpass"
          },
          "sensitive_attributes": [],
          "private": "eyJzY2hlbWFfdmVyc2lvbiI6IjEifQ=="
        }
      ]
    },
    {
      "mode": "managed",
      "type": "vault_cert_auth_backend_role",
      "name": "node",
      "provider": "provider[\"registry.terraform.io/hashicorp/vault\"]",
      "instances": [
        {
          "schema_version": 1,
          "attributes": {
            "alias_metadata": {},
            "allowed_common_names": [
              "localhost",
              "navi",
              "node-a",
              "node-a.lab.internal",
              "node-b",
              "node-b.lab.internal",
              "node-c",
              "node-c.lab.internal",
              "qemu01",
              "qemu01.lan.internal"
            ],
            "allowed_dns_sans": [],
            "allowed_email_sans": [],
            "allowed_names": [
              "localhost",
              "navi",
              "node-a",
              "node-a.lab.internal",
              "node-b",
              "node-b.lab.internal",
              "node-c",
              "node-c.lab.internal",
              "qemu01",
              "qemu01.lan.internal"
            ],
            "allowed_organizational_units": [],
            "allowed_uri_sans": [],
            "backend": "cert",
            "certificate": "-----BEGIN CERTIFICATE-----\nMIIDHTCCAgWgAwIBAgIUO1w32Huyg8U6rmFeLYjq+zwRux4wDQYJKoZIhvcNAQEL\nBQAwDjEMMAoGA1UEAxMDbGFiMB4XDTI1MDUxODE3MzE0N1oXDTM1MDUxNjE3MzIx\nNlowDjEMMAoGA1UEAxMDbGFiMIIBIjANBgkqhkiG9w0BAQEFAAOCAQ8AMIIBCgKC\nAQEAyhUkCzOKf+6CUc3HsPDve9W7z8sMA9rqIRmWggFJGbVlVm2Zl5jdiXAJwUef\nQer5afQV6MyQow1SdEhRORvGt05ac1gCZoYMQltlTpkv8L6K5tVbyzKFJfHxQxDI\nBxekaNDOgkA7NNZuxb/ATUyj6nkIIonU+F+gwIB2nGRA3gF6UyXeBtjRmB2q9vhX\nLxcTXbe/qbc84wIecWF/AdMURicKqBfwfO16HN87ezMy510jl83OFKI3RoQvXwUe\njg9j6FySqUnoZjRAHAnu0GWFcZaxmVIF8JxapNPuLade9ju091GhT/yLlXLE2pZL\nggmSc4GSzB7+O4Xg3a1mBLgkfwIDAQABo3MwcTAOBgNVHQ8BAf8EBAMCAQYwDwYD\nVR0TAQH/BAUwAwEB/zAdBgNVHQ4EFgQUE2aIYRUUQL/pYcVHpxYfNjx6Z9wwHwYD\nVR0jBBgwFoAUE2aIYRUUQL/pYcVHpxYfNjx6Z9wwDgYDVR0RBAcwBYIDbGFiMA0G\nCSqGSIb3DQEBCwUAA4IBAQC1E9Q9WWGtyYa/gkNgflJTpRObNJXcYP0O4EU0gMFS\nsO3Z2NQvKWMZziKiDukaHOLK4/wtFDdf5ChVTeRChMGT3ekpqOacBge8mh26IfGz\nxQaRp05uRDKusGb2EHek2gC/YNJ9SHyNMzd1NULDkC9i3j3mIv1BQjuMSr1jy5Qh\n7n3qXM0mH/Sk2d3LmVql9T1RxCyW1/6KMNiTWmmlFsxTr3M7WbOAHuyLRA3Q/ztn\nJYTHiCP0iLK3t6q6gIv7H6OeG5+0oGeIEVdvG6AA80Vp+Wm1TXNT1THHnZK6BniD\n1hmUMGJ0zGVWVQKA22wsqVD7d/PafAvhPWoTVNe4+ZhY\n-----END CERTIFICATE-----\n",
            "display_name": "node",
            "id": "auth/cert/certs/node",
            "name": "node",
            "namespace": null,
            "ocsp_ca_certificates": "",
            "ocsp_enabled": false,
            "ocsp_fail_open": false,
            "ocsp_max_retries": 4,
            "ocsp_query_all_servers": false,
            "ocsp_servers_override": [],
            "ocsp_this_update_max_age": 0,
            "required_extensions": [],
            "token_bound_cidrs": [],
            "token_explicit_max_ttl": 0,
            "token_max_ttl": 900,
            "token_no_default_policy": false,
            "token_num_uses": 0,
            "token_period": 0,
            "token_policies": [
              "k8s-server"
            ],
            "token_ttl": 600,
            "token_type": "default"
          },
          "sensitive_attributes": [],
          "private": "eyJzY2hlbWFfdmVyc2lvbiI6IjEifQ==",
          "dependencies": [
            "vault_auth_backend.cert"
          ]
        }
      ]
    },
    {
      "mode": "managed",
      "type": "vault_cert_auth_backend_role",
      "name": "node_k3s",
      "provider": "provider[\"registry.terraform.io/hashicorp/vault\"]",
      "instances": [
        {
          "schema_version": 1,
          "attributes": {
            "alias_metadata": {},
            "allowed_common_names": [],
            "allowed_dns_sans": [
              "navi.lan.internal",
              "node-a.lab.internal",
              "node-b.lab.internal",
              "node-c.lab.internal"
            ],
            "allowed_email_sans": [],
            "allowed_names": [],
            "allowed_organizational_units": [],
            "allowed_uri_sans": [],
            "backend": "cert",
            "certificate": "-----BEGIN CERTIFICATE-----\nMIIBtDCCAVqgAwIBAgIQPy2bb3TyPsDiYBvXmkF7szAKBggqhkjOPQQDAjAkMQww\nCgYDVQQKEwNsYWIxFDASBgNVBAMTC2xhYiBSb290IENBMB4XDTI2MDQzMDA1NTYw\nM1oXDTM2MDQyNzA1NTYwM1owLDEMMAoGA1UEChMDbGFiMRwwGgYDVQQDExNsYWIg\nSW50ZXJtZWRpYXRlIENBMFkwEwYHKoZIzj0CAQYIKoZIzj0DAQcDQgAErra3Y0BG\nRZlVsBQN8yiV1KBnrS/7y46gIkPVtSPv1if99trGVoK/6RInG7fs+7LaOH8WX2Sz\ngOmCSKNx5vMzYaNmMGQwDgYDVR0PAQH/BAQDAgEGMBIGA1UdEwEB/wQIMAYBAf8C\nAQAwHQYDVR0OBBYEFCMg1TBX5P4NgOpFlAGhqPTVql3CMB8GA1UdIwQYMBaAFJy6\ns0guQL9BNH/hU2l1Kk4xciAlMAoGCCqGSM49BAMCA0gAMEUCIGJJgmaiOBgXSxw7\nvLJOxloq+6YMlLGNY/07n3cNN+XEAiEAm8rmZjbiVNPo+FIa9sPvPNRkW2nvpCOA\nlu0bo1beUOI=\n-----END CERTIFICATE-----\n-----BEGIN CERTIFICATE-----\nMIIBjDCCATKgAwIBAgIRAOF3exza5bK1PhSFhLDnjc4wCgYIKoZIzj0EAwIwJDEM\nMAoGA1UEChMDbGFiMRQwEgYDVQQDEwtsYWIgUm9vdCBDQTAeFw0yNjA0MzAwNTU2\nMDJaFw0zNjA0MjcwNTU2MDJaMCQxDDAKBgNVBAoTA2xhYjEUMBIGA1UEAxMLbGFi\nIFJvb3QgQ0EwWTATBgcqhkjOPQIBBggqhkjOPQMBBwNCAARTPK7dZb6rGkLIf/7W\nPSVi4E0DYlTcQF1BFhWQ8WgZORNIfxggYgGmIC10jzWW07rDbQ9Pj/p4+CSEdcSn\n9UEZo0UwQzAOBgNVHQ8BAf8EBAMCAQYwEgYDVR0TAQH/BAgwBgEB/wIBATAdBgNV\nHQ4EFgQUnLqzSC5Av0E0f+FTaXUqTjFyICUwCgYIKoZIzj0EAwIDSAAwRQIhAIl7\nk1OAbonXc53zwUrrB4iTCTEdUJ8w8GWdVrnS4nx7AiBOEzTsBP0EONxWlYDID9Gl\nWE2VXWSmkOA4/uAee54pGw==\n-----END CERTIFICATE-----\n",
            "display_name": "k3s",
            "id": "auth/cert/certs/k3s",
            "name": "k3s",
            "namespace": null,
            "ocsp_ca_certificates": "",
            "ocsp_enabled": false,
            "ocsp_fail_open": false,
            "ocsp_max_retries": 4,
            "ocsp_query_all_servers": false,
            "ocsp_servers_override": [],
            "ocsp_this_update_max_age": 0,
            "required_extensions": [],
            "token_bound_cidrs": [],
            "token_explicit_max_ttl": 0,
            "token_max_ttl": 900,
            "token_no_default_policy": false,
            "token_num_uses": 0,
            "token_period": 0,
            "token_policies": [
              "k8s-server"
            ],
            "token_ttl": 600,
            "token_type": "default"
          },
          "sensitive_attributes": [],
          "private": "eyJzY2hlbWFfdmVyc2lvbiI6IjEifQ==",
          "dependencies": [
            "vault_auth_backend.cert"
          ]
        }
      ]
    },
    {
      "mode": "managed",
      "type": "vault_identity_entity",
      "name": "adborden",
      "provider": "provider[\"registry.terraform.io/hashicorp/vault\"]",
      "instances": [
        {
          "schema_version": 0,
          "attributes": {
            "disabled": false,
            "external_policies": false,
            "id": "55220cad-d01d-5c71-ebad-9e02e18a003a",
            "metadata": {
              "foo": "bar"
            },
            "name": "adborden",
            "namespace": null,
            "policies": [
              "admin"
            ]
          },
          "sensitive_attributes": [],
          "private": "bnVsbA=="
        }
      ]
    },
    {
      "mode": "managed",
      "type": "vault_identity_mfa_totp",
      "name": "default",
      "provider": "provider[\"registry.terraform.io/hashicorp/vault\"]",
      "instances": [
        {
          "schema_version": 0,
          "attributes": {
            "algorithm": "SHA256",
            "digits": 6,
            "id": "da888770-43f7-2c7c-d072-cc5d45e324cb",
            "issuer": "default",
            "key_size": 20,
            "max_validation_attempts": 5,
            "method_id": "da888770-43f7-2c7c-d072-cc5d45e324cb",
            "mount_accessor": null,
            "name": "",
            "namespace": null,
            "namespace_id": "root",
            "namespace_path": "",
            "period": 30,
            "qr_size": 200,
            "skew": 1,
            "type": "totp",
            "uuid": "da888770-43f7-2c7c-d072-cc5d45e324cb"
          },
          "sensitive_attributes": [],
          "private": "bnVsbA=="
        }
      ]
    },
    {
      "mode": "managed",
      "type": "vault_mount",
      "name": "etcd",
      "provider": "provider[\"registry.terraform.io/hashicorp/vault\"]",
      "instances": [
        {
          "schema_version": 0,
          "attributes": {
            "accessor": "pki_9dc30a36",
            "allowed_managed_keys": [],
            "allowed_response_headers": [],
            "audit_non_hmac_request_keys": [],
            "audit_non_hmac_response_keys": [],
            "default_lease_ttl_seconds": 0,
            "delegated_auth_accessors": [],
            "description": "PKI backend for issuing etcd TLS certs for Flatcar Linux nodes",
            "external_entropy_access": false,
            "force_no_cache": false,
            "id": "etcd",
            "identity_token_key": "",
            "listing_visibility": "",
            "local": false,
            "max_lease_ttl_seconds": 630720000,
            "namespace": null,
            "options": {},
            "passthrough_request_headers": [],
            "path": "etcd",
            "plugin_version": null,
            "seal_wrap": false,
            "type": "pki"
          },
          "sensitive_attributes": [],
          "private": "bnVsbA=="
        }
      ]
    },
    {
      "mode": "managed",
      "type": "vault_mount",
      "name": "home",
      "provider": "provider[\"registry.terraform.io/hashicorp/vault\"]",
      "instances": [
        {
          "schema_version": 0,
          "attributes": {
            "accessor": "ssh_67baf389",
            "allowed_managed_keys": [],
            "allowed_response_headers": [],
            "audit_non_hmac_request_keys": [],
            "audit_non_hmac_response_keys": [],
            "default_lease_ttl_seconds": 0,
            "delegated_auth_accessors": [],
            "description": "",
            "external_entropy_access": false,
            "force_no_cache": false,
            "id": "home",
            "identity_token_key": "",
            "listing_visibility": "",
            "local": false,
            "max_lease_ttl_seconds": 0,
            "namespace": null,
            "options": {},
            "passthrough_request_headers": [],
            "path": "home",
            "plugin_version": null,
            "seal_wrap": false,
            "type": "ssh"
          },
          "sensitive_attributes": [],
          "private": "bnVsbA=="
        }
      ]
    },
    {
      "mode": "managed",
      "type": "vault_mount",
      "name": "pki",
      "provider": "provider[\"registry.terraform.io/hashicorp/vault\"]",
      "instances": [
        {
          "schema_version": 0,
          "attributes": {
            "accessor": "pki_df1622f0",
            "allowed_managed_keys": [],
            "allowed_response_headers": [],
            "audit_non_hmac_request_keys": [],
            "audit_non_hmac_response_keys": [],
            "default_lease_ttl_seconds": 0,
            "delegated_auth_accessors": [],
            "description": "PKI backend for issuing TLS certs to auth against Vault",
            "external_entropy_access": false,
            "force_no_cache": false,
            "id": "pki",
            "identity_token_key": "",
            "listing_visibility": "",
            "local": false,
            "max_lease_ttl_seconds": 315360000,
            "namespace": null,
            "options": {},
            "passthrough_request_headers": [],
            "path": "pki",
            "plugin_version": null,
            "seal_wrap": false,
            "type": "pki"
          },
          "sensitive_attributes": [],
          "private": "bnVsbA=="
        }
      ]
    },
    {
      "mode": "managed",
      "type": "vault_pki_secret_backend_config_issuers",
      "name": "config",
      "provider": "provider[\"registry.terraform.io/hashicorp/vault\"]",
      "instances": [
        {
          "schema_version": 0,
          "attributes": {
            "backend": "etcd",
            "default": "65812a0a-c2aa-eee5-9e0d-d0181e08b502",
            "default_follows_latest_issuer": false,
            "id": "etcd/config/issuers",
            "namespace": null
          },
          "sensitive_attributes": [],
          "private": "bnVsbA==",
          "dependencies": [
            "vault_mount.etcd",
            "vault_pki_secret_backend_issuer.issuer_2026",
            "vault_pki_secret_backend_root_cert.etcd_2026"
          ]
        }
      ]
    },
    {
      "mode": "managed",
      "type": "vault_pki_secret_backend_issuer",
      "name": "issuer_2026",
      "provider": "provider[\"registry.terraform.io/hashicorp/vault\"]",
      "instances": [
        {
          "schema_version": 0,
          "attributes": {
            "backend": "etcd",
            "crl_distribution_points": [],
            "disable_critical_extension_checks": null,
            "disable_name_checks": null,
            "disable_name_constraint_checks": null,
            "disable_path_length_checks": null,
            "enable_aia_url_templating": false,
            "id": "etcd/issuer/65812a0a-c2aa-eee5-9e0d-d0181e08b502",
            "issuer_id": "65812a0a-c2aa-eee5-9e0d-d0181e08b502",
            "issuer_name": "issuer-2026",
            "issuer_ref": "65812a0a-c2aa-eee5-9e0d-d0181e08b502",
            "issuing_certificates": [],
            "leaf_not_after_behavior": "err",
            "manual_chain": [],
            "namespace": null,
            "ocsp_servers": [],
            "revocation_signature_algorithm": "",
            "usage": "crl-signing,issuing-certificates,ocsp-signing,read-only"
          },
          "sensitive_attributes": [],
          "private": "bnVsbA==",
          "dependencies": [
            "vault_mount.etcd",
            "vault_pki_secret_backend_root_cert.etcd_2026"
          ]
        }
      ]
    },
    {
      "mode": "managed",
      "type": "vault_pki_secret_backend_role",
      "name": "etcd_client",
      "provider": "provider[\"registry.terraform.io/hashicorp/vault\"]",
      "instances": [
        {
          "schema_version": 0,
          "attributes": {
            "allow_any_name": false,
            "allow_bare_domains": true,
            "allow_glob_domains": false,
            "allow_ip_sans": true,
            "allow_localhost": false,
            "allow_subdomains": false,
            "allow_wildcard_certificates": true,
            "allowed_domains": [
              "node-a.lab",
              "node-a",
              "node-b.lab",
              "node-b",
              "node-c.lab",
              "node-c",
              "qemu01"
            ],
            "allowed_domains_template": false,
            "allowed_other_sans": [],
            "allowed_serial_numbers": null,
            "allowed_uri_sans": [],
            "allowed_uri_sans_template": false,
            "allowed_user_ids": [],
            "backend": "etcd",
            "basic_constraints_valid_for_non_ca": false,
            "client_flag": true,
            "cn_validations": [
              "email",
              "hostname"
            ],
            "code_signing_flag": false,
            "country": [],
            "email_protection_flag": false,
            "enforce_hostnames": true,
            "ext_key_usage": [
              "ClientAuth"
            ],
            "ext_key_usage_oids": null,
            "generate_lease": true,
            "id": "etcd/roles/client",
            "issuer_ref": "default",
            "key_bits": 2048,
            "key_type": "rsa",
            "key_usage": [
              "DigitalSignature"
            ],
            "locality": [],
            "max_ttl": "2592000",
            "name": "client",
            "namespace": null,
            "no_store": false,
            "no_store_metadata": null,
            "not_after": "",
            "not_before_duration": "30s",
            "organization": [],
            "ou": [],
            "policy_identifier": [],
            "policy_identifiers": null,
            "postal_code": [],
            "province": [],
            "require_cn": true,
            "serial_number_source": "json-csr",
            "server_flag": false,
            "signature_bits": 256,
            "street_address": [],
            "ttl": "864000",
            "use_csr_common_name": true,
            "use_csr_sans": true,
            "use_pss": false
          },
          "sensitive_attributes": [],
          "private": "bnVsbA==",
          "dependencies": [
            "vault_mount.etcd"
          ]
        }
      ]
    },
    {
      "mode": "managed",
      "type": "vault_pki_secret_backend_role",
      "name": "etcd_peer",
      "provider": "provider[\"registry.terraform.io/hashicorp/vault\"]",
      "instances": [
        {
          "schema_version": 0,
          "attributes": {
            "allow_any_name": false,
            "allow_bare_domains": true,
            "allow_glob_domains": false,
            "allow_ip_sans": true,
            "allow_localhost": false,
            "allow_subdomains": false,
            "allow_wildcard_certificates": true,
            "allowed_domains": [
              "node-a.lab",
              "node-a",
              "node-b.lab",
              "node-b",
              "node-c.lab",
              "node-c",
              "qemu01",
              "192.168.8.3",
              "192.168.8.4",
              "192.168.8.5"
            ],
            "allowed_domains_template": false,
            "allowed_other_sans": [],
            "allowed_serial_numbers": null,
            "allowed_uri_sans": [],
            "allowed_uri_sans_template": false,
            "allowed_user_ids": [],
            "backend": "etcd",
            "basic_constraints_valid_for_non_ca": false,
            "client_flag": true,
            "cn_validations": [
              "email",
              "hostname"
            ],
            "code_signing_flag": false,
            "country": [],
            "email_protection_flag": false,
            "enforce_hostnames": true,
            "ext_key_usage": [
              "ServerAuth",
              "ClientAuth"
            ],
            "ext_key_usage_oids": null,
            "generate_lease": true,
            "id": "etcd/roles/peer",
            "issuer_ref": "default",
            "key_bits": 2048,
            "key_type": "rsa",
            "key_usage": [
              "DigitalSignature",
              "KeyEncipherment"
            ],
            "locality": [],
            "max_ttl": "2592000",
            "name": "peer",
            "namespace": null,
            "no_store": false,
            "no_store_metadata": null,
            "not_after": "",
            "not_before_duration": "30s",
            "organization": [],
            "ou": [],
            "policy_identifier": [],
            "policy_identifiers": null,
            "postal_code": [],
            "province": [],
            "require_cn": true,
            "serial_number_source": "json-csr",
            "server_flag": true,
            "signature_bits": 256,
            "street_address": [],
            "ttl": "864000",
            "use_csr_common_name": true,
            "use_csr_sans": true,
            "use_pss": false
          },
          "sensitive_attributes": [],
          "private": "bnVsbA==",
          "dependencies": [
            "vault_mount.etcd"
          ]
        }
      ]
    },
    {
      "mode": "managed",
      "type": "vault_pki_secret_backend_role",
      "name": "etcd_server",
      "provider": "provider[\"registry.terraform.io/hashicorp/vault\"]",
      "instances": [
        {
          "schema_version": 0,
          "attributes": {
            "allow_any_name": false,
            "allow_bare_domains": true,
            "allow_glob_domains": false,
            "allow_ip_sans": true,
            "allow_localhost": false,
            "allow_subdomains": false,
            "allow_wildcard_certificates": true,
            "allowed_domains": [
              "node-a.lab",
              "node-a",
              "node-b.lab",
              "node-b",
              "node-c.lab",
              "node-c",
              "qemu01.lan",
              "qemu01",
              "192.168.8.3",
              "192.168.8.4",
              "192.168.8.5"
            ],
            "allowed_domains_template": false,
            "allowed_other_sans": [],
            "allowed_serial_numbers": null,
            "allowed_uri_sans": [],
            "allowed_uri_sans_template": false,
            "allowed_user_ids": [],
            "backend": "etcd",
            "basic_constraints_valid_for_non_ca": false,
            "client_flag": true,
            "cn_validations": [
              "email",
              "hostname"
            ],
            "code_signing_flag": false,
            "country": [],
            "email_protection_flag": false,
            "enforce_hostnames": true,
            "ext_key_usage": [
              "ServerAuth"
            ],
            "ext_key_usage_oids": null,
            "generate_lease": true,
            "id": "etcd/roles/server",
            "issuer_ref": "default",
            "key_bits": 2048,
            "key_type": "rsa",
            "key_usage": [
              "DigitalSignature",
              "KeyEncipherment"
            ],
            "locality": [],
            "max_ttl": "2592000",
            "name": "server",
            "namespace": null,
            "no_store": false,
            "no_store_metadata": null,
            "not_after": "",
            "not_before_duration": "30s",
            "organization": [],
            "ou": [],
            "policy_identifier": [],
            "policy_identifiers": null,
            "postal_code": [],
            "province": [],
            "require_cn": true,
            "serial_number_source": "json-csr",
            "server_flag": true,
            "signature_bits": 256,
            "street_address": [],
            "ttl": "864000",
            "use_csr_common_name": true,
            "use_csr_sans": true,
            "use_pss": false
          },
          "sensitive_attributes": [],
          "private": "bnVsbA==",
          "dependencies": [
            "vault_mount.etcd"
          ]
        }
      ]
    },
    {
      "mode": "managed",
      "type": "vault_pki_secret_backend_role",
      "name": "node",
      "provider": "provider[\"registry.terraform.io/hashicorp/vault\"]",
      "instances": [
        {
          "schema_version": 0,
          "attributes": {
            "allow_any_name": false,
            "allow_bare_domains": true,
            "allow_glob_domains": false,
            "allow_ip_sans": true,
            "allow_localhost": false,
            "allow_subdomains": false,
            "allow_wildcard_certificates": true,
            "allowed_domains": [
              "node-a.lab.internal",
              "node-a.lab",
              "node-a",
              "node-b.lab.internal",
              "node-b.lab",
              "node-b",
              "node-c.lab.internal",
              "node-c.lab",
              "node-c",
              "qemu01.lan.internal",
              "qemu01"
            ],
            "allowed_domains_template": false,
            "allowed_other_sans": [],
            "allowed_serial_numbers": null,
            "allowed_uri_sans": [],
            "allowed_uri_sans_template": false,
            "allowed_user_ids": [],
            "backend": "pki",
            "basic_constraints_valid_for_non_ca": false,
            "client_flag": true,
            "cn_validations": [
              "email",
              "hostname"
            ],
            "code_signing_flag": false,
            "country": [],
            "email_protection_flag": false,
            "enforce_hostnames": true,
            "ext_key_usage": null,
            "ext_key_usage_oids": null,
            "generate_lease": true,
            "id": "pki/roles/node",
            "issuer_ref": "default",
            "key_bits": 2048,
            "key_type": "rsa",
            "key_usage": [
              "DigitalSignature",
              "KeyAgreement",
              "KeyEncipherment"
            ],
            "locality": [],
            "max_ttl": "2592000",
            "name": "node",
            "namespace": null,
            "no_store": false,
            "no_store_metadata": null,
            "not_after": "",
            "not_before_duration": "30s",
            "organization": [],
            "ou": [],
            "policy_identifier": [],
            "policy_identifiers": null,
            "postal_code": [],
            "province": [],
            "require_cn": true,
            "serial_number_source": "json-csr",
            "server_flag": true,
            "signature_bits": 256,
            "street_address": [],
            "ttl": "2592000",
            "use_csr_common_name": true,
            "use_csr_sans": true,
            "use_pss": false
          },
          "sensitive_attributes": [],
          "private": "bnVsbA==",
          "dependencies": [
            "vault_mount.pki"
          ]
        }
      ]
    },
    {
      "mode": "managed",
      "type": "vault_pki_secret_backend_root_cert",
      "name": "etcd_2026",
      "provider": "provider[\"registry.terraform.io/hashicorp/vault\"]",
      "instances": [
        {
          "schema_version": 1,
          "attributes": {
            "alt_names": null,
            "backend": "etcd",
            "certificate": "-----BEGIN CERTIFICATE-----\nMIIDHTCCAgWgAwIBAgIUV9P0/wR0dtPrtjT4QVRSQhxe6ywwDQYJKoZIhvcNAQEL\nBQAwDjEMMAoGA1UEAxMDbGFiMB4XDTI2MDIxNzA1NTcwMloXDTM2MDIxNTA1NTcz\nMlowDjEMMAoGA1UEAxMDbGFiMIIBIjANBgkqhkiG9w0BAQEFAAOCAQ8AMIIBCgKC\nAQEA+UYX58b/ylejtXj5aGiIGEGgc97XU/2UmH654OPuq4LRdxWmgUTlrQONx/Wa\nZ8gpg5euDZsTbEqRehwnmud557PF50KJqXiKetGAhaKV+eI3ELBcvl4O6wL6a5GY\nwAvZm8gAvHUtizdDrlSMeyaihuESgYTFueC8tpZrRQmaWm8o6baGdEyhLi4kdvJl\nsxFkKeRd+rKqHPvaM9MuTLGPF3OiWp22iJ0zCQFwWXXQ3mvhWNlTd2ZO0NYpAyVV\nQL2D1nG2rYo5+2Wpj3QCxP05LzjfDo3iHRj0CEdSkmyFXsPYqTM2Gyv1+t1bPjYz\nzaZUEU/c9L5m/8ol0F8weQCMgQIDAQABo3MwcTAOBgNVHQ8BAf8EBAMCAQYwDwYD\nVR0TAQH/BAUwAwEB/zAdBgNVHQ4EFgQUcoX5zI/VWgers57AFTe5uBxiZw4wHwYD\nVR0jBBgwFoAUcoX5zI/VWgers57AFTe5uBxiZw4wDgYDVR0RBAcwBYIDbGFiMA0G\nCSqGSIb3DQEBCwUAA4IBAQBP2bWTnQrfpZMBjbT3telfyi+D9teZ4Ypd22sTkOHN\n/FxRvI/OG8Cxg1uHiILQcN01Vo3sYCz9MS2Fwc0GaKzfUzuaumaE10HXfDxaJCRk\n1VQxHQ6vQC2QWTng3zpB8TGksPv5WxZ8ZJiwQCRpSmrJ9uVo9yXaQfLHDHYP8qit\nZ+faoJy52bh2HomA0VmukUs4Uzoqm6fNm+2YcF+wgz8lxIj7i3U2+4PnNP5cYzzr\nCQi20FY44NQrrggqNdARjNvJ3+TieeHEKxI624KYTwwJ0aZr62SPUmVmatODeuzn\nvxjnNzjkFxKsilr+pcOeu8V2RxHKUT4hxMEBrxD6seb2\n-----END CERTIFICATE-----",
            "common_name": "lab",
            "country": null,
            "exclude_cn_from_sans": null,
            "excluded_dns_domains": null,
            "excluded_email_addresses": null,
            "excluded_ip_ranges": null,
            "excluded_uri_domains": null,
            "format": "pem",
            "id": "etcd/issuer/65812a0a-c2aa-eee5-9e0d-d0181e08b502",
            "ip_sans": null,
            "issuer_id": "65812a0a-c2aa-eee5-9e0d-d0181e08b502",
            "issuer_name": null,
            "issuing_ca": "-----BEGIN CERTIFICATE-----\nMIIDHTCCAgWgAwIBAgIUV9P0/wR0dtPrtjT4QVRSQhxe6ywwDQYJKoZIhvcNAQEL\nBQAwDjEMMAoGA1UEAxMDbGFiMB4XDTI2MDIxNzA1NTcwMloXDTM2MDIxNTA1NTcz\nMlowDjEMMAoGA1UEAxMDbGFiMIIBIjANBgkqhkiG9w0BAQEFAAOCAQ8AMIIBCgKC\nAQEA+UYX58b/ylejtXj5aGiIGEGgc97XU/2UmH654OPuq4LRdxWmgUTlrQONx/Wa\nZ8gpg5euDZsTbEqRehwnmud557PF50KJqXiKetGAhaKV+eI3ELBcvl4O6wL6a5GY\nwAvZm8gAvHUtizdDrlSMeyaihuESgYTFueC8tpZrRQmaWm8o6baGdEyhLi4kdvJl\nsxFkKeRd+rKqHPvaM9MuTLGPF3OiWp22iJ0zCQFwWXXQ3mvhWNlTd2ZO0NYpAyVV\nQL2D1nG2rYo5+2Wpj3QCxP05LzjfDo3iHRj0CEdSkmyFXsPYqTM2Gyv1+t1bPjYz\nzaZUEU/c9L5m/8ol0F8weQCMgQIDAQABo3MwcTAOBgNVHQ8BAf8EBAMCAQYwDwYD\nVR0TAQH/BAUwAwEB/zAdBgNVHQ4EFgQUcoX5zI/VWgers57AFTe5uBxiZw4wHwYD\nVR0jBBgwFoAUcoX5zI/VWgers57AFTe5uBxiZw4wDgYDVR0RBAcwBYIDbGFiMA0G\nCSqGSIb3DQEBCwUAA4IBAQBP2bWTnQrfpZMBjbT3telfyi+D9teZ4Ypd22sTkOHN\n/FxRvI/OG8Cxg1uHiILQcN01Vo3sYCz9MS2Fwc0GaKzfUzuaumaE10HXfDxaJCRk\n1VQxHQ6vQC2QWTng3zpB8TGksPv5WxZ8ZJiwQCRpSmrJ9uVo9yXaQfLHDHYP8qit\nZ+faoJy52bh2HomA0VmukUs4Uzoqm6fNm+2YcF+wgz8lxIj7i3U2+4PnNP5cYzzr\nCQi20FY44NQrrggqNdARjNvJ3+TieeHEKxI624KYTwwJ0aZr62SPUmVmatODeuzn\nvxjnNzjkFxKsilr+pcOeu8V2RxHKUT4hxMEBrxD6seb2\n-----END CERTIFICATE-----",
            "key_bits": 2048,
            "key_id": "0349769c-5992-373b-986e-b2ff8298f0f9",
            "key_name": null,
            "key_ref": null,
            "key_type": "rsa",
            "locality": null,
            "managed_key_id": null,
            "managed_key_name": null,
            "max_path_length": -1,
            "namespace": null,
            "not_after": null,
            "not_before_duration": null,
            "organization": null,
            "other_sans": null,
            "ou": null,
            "permitted_dns_domains": null,
            "permitted_email_addresses": null,
            "permitted_ip_ranges": null,
            "permitted_uri_domains": null,
            "postal_code": null,
            "private_key_format": "der",
            "province": null,
            "serial_number": "57:d3:f4:ff:04:74:76:d3:eb:b6:34:f8:41:54:52:42:1c:5e:eb:2c",
            "signature_bits": null,
            "street_address": null,
            "ttl": "315360000",
            "type": "internal",
            "uri_sans": null
          },
          "sensitive_attributes": [],
          "private": "eyJzY2hlbWFfdmVyc2lvbiI6IjEifQ==",
          "dependencies": [
            "vault_mount.etcd"
          ]
        }
      ]
    },
    {
      "mode": "managed",
      "type": "vault_pki_secret_backend_root_cert",
      "name": "root_cert",
      "provider": "provider[\"registry.terraform.io/hashicorp/vault\"]",
      "instances": [
        {
          "schema_version": 1,
          "attributes": {
            "alt_names": null,
            "backend": "pki",
            "certificate": "-----BEGIN CERTIFICATE-----\nMIIDHTCCAgWgAwIBAgIUO1w32Huyg8U6rmFeLYjq+zwRux4wDQYJKoZIhvcNAQEL\nBQAwDjEMMAoGA1UEAxMDbGFiMB4XDTI1MDUxODE3MzE0N1oXDTM1MDUxNjE3MzIx\nNlowDjEMMAoGA1UEAxMDbGFiMIIBIjANBgkqhkiG9w0BAQEFAAOCAQ8AMIIBCgKC\nAQEAyhUkCzOKf+6CUc3HsPDve9W7z8sMA9rqIRmWggFJGbVlVm2Zl5jdiXAJwUef\nQer5afQV6MyQow1SdEhRORvGt05ac1gCZoYMQltlTpkv8L6K5tVbyzKFJfHxQxDI\nBxekaNDOgkA7NNZuxb/ATUyj6nkIIonU+F+gwIB2nGRA3gF6UyXeBtjRmB2q9vhX\nLxcTXbe/qbc84wIecWF/AdMURicKqBfwfO16HN87ezMy510jl83OFKI3RoQvXwUe\njg9j6FySqUnoZjRAHAnu0GWFcZaxmVIF8JxapNPuLade9ju091GhT/yLlXLE2pZL\nggmSc4GSzB7+O4Xg3a1mBLgkfwIDAQABo3MwcTAOBgNVHQ8BAf8EBAMCAQYwDwYD\nVR0TAQH/BAUwAwEB/zAdBgNVHQ4EFgQUE2aIYRUUQL/pYcVHpxYfNjx6Z9wwHwYD\nVR0jBBgwFoAUE2aIYRUUQL/pYcVHpxYfNjx6Z9wwDgYDVR0RBAcwBYIDbGFiMA0G\nCSqGSIb3DQEBCwUAA4IBAQC1E9Q9WWGtyYa/gkNgflJTpRObNJXcYP0O4EU0gMFS\nsO3Z2NQvKWMZziKiDukaHOLK4/wtFDdf5ChVTeRChMGT3ekpqOacBge8mh26IfGz\nxQaRp05uRDKusGb2EHek2gC/YNJ9SHyNMzd1NULDkC9i3j3mIv1BQjuMSr1jy5Qh\n7n3qXM0mH/Sk2d3LmVql9T1RxCyW1/6KMNiTWmmlFsxTr3M7WbOAHuyLRA3Q/ztn\nJYTHiCP0iLK3t6q6gIv7H6OeG5+0oGeIEVdvG6AA80Vp+Wm1TXNT1THHnZK6BniD\n1hmUMGJ0zGVWVQKA22wsqVD7d/PafAvhPWoTVNe4+ZhY\n-----END CERTIFICATE-----",
            "common_name": "lab",
            "country": null,
            "exclude_cn_from_sans": null,
            "excluded_dns_domains": null,
            "excluded_email_addresses": null,
            "excluded_ip_ranges": null,
            "excluded_uri_domains": null,
            "format": "pem",
            "id": "pki/issuer/7c46691e-a0a1-d813-c281-c0c12e47e84c",
            "ip_sans": null,
            "issuer_id": "7c46691e-a0a1-d813-c281-c0c12e47e84c",
            "issuer_name": null,
            "issuing_ca": "-----BEGIN CERTIFICATE-----\nMIIDHTCCAgWgAwIBAgIUO1w32Huyg8U6rmFeLYjq+zwRux4wDQYJKoZIhvcNAQEL\nBQAwDjEMMAoGA1UEAxMDbGFiMB4XDTI1MDUxODE3MzE0N1oXDTM1MDUxNjE3MzIx\nNlowDjEMMAoGA1UEAxMDbGFiMIIBIjANBgkqhkiG9w0BAQEFAAOCAQ8AMIIBCgKC\nAQEAyhUkCzOKf+6CUc3HsPDve9W7z8sMA9rqIRmWggFJGbVlVm2Zl5jdiXAJwUef\nQer5afQV6MyQow1SdEhRORvGt05ac1gCZoYMQltlTpkv8L6K5tVbyzKFJfHxQxDI\nBxekaNDOgkA7NNZuxb/ATUyj6nkIIonU+F+gwIB2nGRA3gF6UyXeBtjRmB2q9vhX\nLxcTXbe/qbc84wIecWF/AdMURicKqBfwfO16HN87ezMy510jl83OFKI3RoQvXwUe\njg9j6FySqUnoZjRAHAnu0GWFcZaxmVIF8JxapNPuLade9ju091GhT/yLlXLE2pZL\nggmSc4GSzB7+O4Xg3a1mBLgkfwIDAQABo3MwcTAOBgNVHQ8BAf8EBAMCAQYwDwYD\nVR0TAQH/BAUwAwEB/zAdBgNVHQ4EFgQUE2aIYRUUQL/pYcVHpxYfNjx6Z9wwHwYD\nVR0jBBgwFoAUE2aIYRUUQL/pYcVHpxYfNjx6Z9wwDgYDVR0RBAcwBYIDbGFiMA0G\nCSqGSIb3DQEBCwUAA4IBAQC1E9Q9WWGtyYa/gkNgflJTpRObNJXcYP0O4EU0gMFS\nsO3Z2NQvKWMZziKiDukaHOLK4/wtFDdf5ChVTeRChMGT3ekpqOacBge8mh26IfGz\nxQaRp05uRDKusGb2EHek2gC/YNJ9SHyNMzd1NULDkC9i3j3mIv1BQjuMSr1jy5Qh\n7n3qXM0mH/Sk2d3LmVql9T1RxCyW1/6KMNiTWmmlFsxTr3M7WbOAHuyLRA3Q/ztn\nJYTHiCP0iLK3t6q6gIv7H6OeG5+0oGeIEVdvG6AA80Vp+Wm1TXNT1THHnZK6BniD\n1hmUMGJ0zGVWVQKA22wsqVD7d/PafAvhPWoTVNe4+ZhY\n-----END CERTIFICATE-----",
            "key_bits": 2048,
            "key_id": "9ef1b137-8e1d-e4e7-9eb2-99bdf8030512",
            "key_name": null,
            "key_ref": null,
            "key_type": "rsa",
            "locality": null,
            "managed_key_id": null,
            "managed_key_name": null,
            "max_path_length": -1,
            "namespace": null,
            "not_after": null,
            "not_before_duration": null,
            "organization": null,
            "other_sans": null,
            "ou": null,
            "permitted_dns_domains": null,
            "permitted_email_addresses": null,
            "permitted_ip_ranges": null,
            "permitted_uri_domains": null,
            "postal_code": null,
            "private_key_format": "der",
            "province": null,
            "serial_number": "3b:5c:37:d8:7b:b2:83:c5:3a:ae:61:5e:2d:88:ea:fb:3c:11:bb:1e",
            "signature_bits": null,
            "street_address": null,
            "ttl": "87600h",
            "type": "internal",
            "uri_sans": null
          },
          "sensitive_attributes": [],
          "private": "eyJzY2hlbWFfdmVyc2lvbiI6IjEifQ==",
          "dependencies": [
            "vault_mount.pki"
          ]
        }
      ]
    },
    {
      "mode": "managed",
      "type": "vault_policy",
      "name": "k8s_agent",
      "provider": "provider[\"registry.terraform.io/hashicorp/vault\"]",
      "instances": [
        {
          "schema_version": 0,
          "attributes": {
            "id": "k8s-agent",
            "name": "k8s-agent",
            "namespace": null,
            "policy": "# read k8s tokens\npath \"kv/data/fl.a14n.net/*\" {\n  capabilities = [\"read\"]\n}\n\n# read k8s tokens\npath \"kv/data/k3s/*\" {\n  capabilities = [\"read\"]\n}\n"
          },
          "sensitive_attributes": [],
          "private": "bnVsbA==",
          "dependencies": [
            "data.vault_policy_document.k8s_agent"
          ]
        }
      ]
    },
    {
      "mode": "managed",
      "type": "vault_policy",
      "name": "k8s_server",
      "provider": "provider[\"registry.terraform.io/hashicorp/vault\"]",
      "instances": [
        {
          "schema_version": 0,
          "attributes": {
            "id": "k8s-server",
            "name": "k8s-server",
            "namespace": null,
            "policy": "# create etcd certificate and keys\npath \"etcd/issue/server\" {\n  capabilities = [\"create\", \"update\"]\n}\n\n# create etcd certificate and keys\npath \"etcd/issue/client\" {\n  capabilities = [\"create\", \"update\"]\n}\n\n# create etcd certificate and keys\npath \"etcd/issue/peer\" {\n  capabilities = [\"create\", \"update\"]\n}\n\n# read etcd certificate secrets\npath \"kv/data/etcd/*\" {\n  capabilities = [\"read\"]\n}\n\n# read k8s tokens\npath \"kv/data/fl.a14n.net/*\" {\n  capabilities = [\"read\"]\n}\n\n# read k8s tokens\npath \"kv/data/k3s/*\" {\n  capabilities = [\"read\"]\n}\n"
          },
          "sensitive_attributes": [],
          "private": "bnVsbA==",
          "dependencies": [
            "data.vault_policy_document.k8s_server"
          ]
        }
      ]
    },
    {
      "mode": "managed",
      "type": "vault_ssh_secret_backend_ca",
      "name": "home",
      "provider": "provider[\"registry.terraform.io/hashicorp/vault\"]",
      "instances": [
        {
          "schema_version": 1,
          "attributes": {
            "backend": "home",
            "generate_signing_key": true,
            "id": "home",
            "key_bits": null,
            "key_type": "ssh-rsa",
            "managed_key_id": null,
            "managed_key_name": null,
            "namespace": null,
            "private_key": null,
            "public_key": "ssh-rsa AAAAB3NzaC1yc2EAAAADAQABAAACAQDKu8e9qJYa15kj3C6p3GfEz0q29fPbN4fn81b4lcbqg8TGx9H1X4nICVK7WlA0StUfIigvSF3T1gnQBjxvs/XZ7XUu5iI1PWl4FhrUi0Ch9/siCHAA15Y7lL0bxsVYRwPruDbxb8YjA+J6lcNu3cRY95OGACZkIeI4l9ml4RZf5sgIKuByQGHfV6O7BzwcI93ip+1C9Ifa5dF+OwSwb432opw6ZTQvsQRbBTk+8cTVbM2XMiuDs3ypp/wzL3MK/W15+KQDvrvj7cBpt+tjMbLZwpZazDg7SGoyE+YaQYhO+RaQCsp48S7ZsPylV9sGw0SuRe2DJq8+PAyMDGjR68QPKj50EGDuSoAkJkjrk+F/jyEamSwBApDPnFUpRT/GBwTyb1TkHWthqoCeck+oOd29i4UwCgjGoiHFkisdUvZPPBHgOdoo69WrjYwpgOlfvLpJLaMRrchnWBmKKjdVpF9VsN2RqaYs1lyxBNwZ9fLfN5k/vNrHsU0z9U91a7aroBabpGKTd2yQiptcFrkLV36x6MSC8o8FX43IaQKPdAugwccNGxGSZGXC84rNmVrobMmLhxzI6bbFMyM1jbfly12zbXsy/cR8++Jcv2GScBo2JBYyMmQh+MEV8AuPmjjJh/HOjwntSw3g8U10y3TTsUS6CLbWOYslIdEnqsB4nQKEBw==\n"
          },
          "sensitive_attributes": [],
          "private": "eyJzY2hlbWFfdmVyc2lvbiI6IjEifQ==",
          "dependencies": [
            "vault_mount.home"
          ]
        }
      ]
    },
    {
      "mode": "managed",
      "type": "vault_ssh_secret_backend_role",
      "name": "admin",
      "provider": "provider[\"registry.terraform.io/hashicorp/vault\"]",
      "instances": [
        {
          "schema_version": 0,
          "attributes": {
            "algorithm_signer": "default",
            "allow_bare_domains": false,
            "allow_empty_principals": false,
            "allow_host_certificates": false,
            "allow_subdomains": false,
            "allow_user_certificates": true,
            "allow_user_key_ids": false,
            "allowed_critical_options": "",
            "allowed_domains": "",
            "allowed_domains_template": false,
            "allowed_extensions": "permit-pty,permit-port-forwarding,permit-agent-forwarding,permit-user-rc,verify-required",
            "allowed_user_key_config": [],
            "allowed_users": "adborden, core, ubuntu",
            "allowed_users_template": false,
            "backend": "home",
            "cidr_list": "",
            "default_critical_options": {},
            "default_extensions": {
              "permit-agent-forwarding": "",
              "permit-port-forwarding": "",
              "permit-pty": "",
              "permit-user-rc": ""
            },
            "default_user": "",
            "default_user_template": false,
            "id": "home/roles/admin",
            "key_id_format": "",
            "key_type": "ca",
            "max_ttl": "31536000",
            "name": "admin",
            "namespace": null,
            "not_before_duration": "30",
            "ttl": "0"
          },
          "sensitive_attributes": [],
          "private": "bnVsbA==",
          "dependencies": [
            "vault_mount.home"
          ]
        }
      ]
    }
  ],
  "check_results": null
}
